{
    "_readme": [
        "This file locks the dependencies of your project to a known state",
        "Read more about it at http://getcomposer.org/doc/01-basic-usage.md#composer-lock-the-lock-file",
        "This file is @generated automatically"
    ],
    "hash": "eb3afa6c05abccb628fa6559daebdebb",
    "packages": [
        {
            "name": "mpdf/mpdf",
            "version": "v5.7.3",
            "source": {
                "type": "git",
                "url": "https://github.com/finwe/mpdf.git",
                "reference": "ace190986978df40b9c416cf7ba8761945fc1758"
            },
            "dist": {
                "type": "zip",
                "url": "https://api.github.com/repos/finwe/mpdf/zipball/ace190986978df40b9c416cf7ba8761945fc1758",
                "reference": "ace190986978df40b9c416cf7ba8761945fc1758",
                "shasum": ""
            },
            "require": {
                "ext-mbstring": "*",
                "php": ">=4.3.10"
            },
            "type": "library",
            "autoload": {
                "classmap": [
                    "mpdf.php",
                    "classes"
                ]
            },
            "notification-url": "https://packagist.org/downloads/",
            "license": [
                "GPL-1.0+"
            ],
            "authors": [
                {
                    "name": "Ian Back"
                }
            ],
            "description": "A PHP class to generate PDF files from HTML with Unicode/UTF-8 and CJK support",
            "homepage": "http://www.mpdf1.com/mpdf/index.php",
            "keywords": [
                "pdf",
                "php",
                "utf-8"
            ],
            "time": "2014-08-24 08:33:20"
        }
    ],
    "packages-dev": [],
    "aliases": [],
    "minimum-stability": "stable",
    "stability-flags": [],
    "prefer-stable": false,
    "platform": [],
    "platform-dev": []
}
